
Microsoft Visual Studio Solution File, Format Version 12.00
# Visual Studio 15
VisualStudioVersion = 15.0.28307.539
MinimumVisualStudioVersion = 10.0.40219.1
Project("{FAE04EC0-301F-11D3-BF4B-00C04F79EFBC}") = "AppLogger", "AppLogger\AppLogger.csproj", "{A0B2A535-CB4E-44F2-8F51-3A404A02DA3C}"
EndProject
Global
	GlobalSection(SolutionConfigurationPlatforms) = preSolution
		Debug|Any CPU = Debug|Any CPU
		Release|Any CPU = Release|Any CPU
	EndGlobalSection
	GlobalSection(ProjectConfigurationPlatforms) = postSolution
		{A0B2A535-CB4E-44F2-8F51-3A404A02DA3C}.Debug|Any CPU.ActiveCfg = Debug|Any CPU
		{A0B2A535-CB4E-44F2-8F51-3A404A02DA3C}.Debug|Any CPU.Build.0 = Debug|Any CPU
		{A0B2A535-CB4E-44F2-8F51-3A404A02DA3C}.Release|Any CPU.ActiveCfg = Release|Any CPU
		{A0B2A535-CB4E-44F2-8F51-3A404A02DA3C}.Release|Any CPU.Build.0 = Release|Any CPU
	EndGlobalSection
	GlobalSection(SolutionProperties) = preSolution
		HideSolutionNode = FALSE
	EndGlobalSection
	GlobalSection(ExtensibilityGlobals) = postSolution
		SolutionGuid = {B837A510-F233-4831-A724-6CC5A7EAE9AC}
	EndGlobalSection
EndGlobal
